// !$*UTF8*$!
{
	archiveVersion = 1;
	classes = {
	};
	objectVersion = 56;
	objects = {

/* Begin PBXBuildFile section */
		AE8DB69F29DD192400561A17 /* DyamicTopTabbarApp.swift in Sources */ = {isa = PBXBuildFile; fileRef = AE8DB69E29DD192400561A17 /* DyamicTopTabbarApp.swift */; };
		AE8DB6A129DD192400561A17 /* ContentView.swift in Sources */ = {isa = PBXBuildFile; fileRef = AE8DB6A029DD192400561A17 /* ContentView.swift */; };
		AE8DB6A329DD192500561A17 /* Assets.xcassets in Resources */ = {isa = PBXBuildFile; fileRef = AE8DB6A229DD192500561A17 /* Assets.xcassets */; };
		AE8DB6A729DD192500561A17 /* Preview Assets.xcassets in Resources */ = {isa = PBXBuildFile; fileRef = AE8DB6A629DD192500561A17 /* Preview Assets.xcassets */; };
		AE8DB6B129DD192500561A17 /* DyamicTopTabbarTests.swift in Sources */ = {isa = PBXBuildFile; fileRef = AE8DB6B029DD192500561A17 /* DyamicTopTabbarTests.swift */; };
		AE8DB6BB29DD192500561A17 /* DyamicTopTabbarUITests.swift in Sources */ = {isa = PBXBuildFile; fileRef = AE8DB6BA29DD192500561A17 /* DyamicTopTabbarUITests.swift */; };
		AE8DB6BD29DD192500561A17 /* DyamicTopTabbarUITestsLaunchTests.swift in Sources */ = {isa = PBXBuildFile; fileRef = AE8DB6BC29DD192500561A17 /* DyamicTopTabbarUITestsLaunchTests.swift */; };
		AE8DB6CB29DD198E00561A17 /* TabbarItemView.swift in Sources */ = {isa = PBXBuildFile; fileRef = AE8DB6CA29DD198E00561A17 /* TabbarItemView.swift */; };
		AE8DB6CD29DD1B6F00561A17 /* TabbarItem.swift in Sources */ = {isa = PBXBuildFile; fileRef = AE8DB6CC29DD1B6F00561A17 /* TabbarItem.swift */; };
		AE8DB6CF29DD1C5000561A17 /* TabbarView.swift in Sources */ = {isa = PBXBuildFile; fileRef = AE8DB6CE29DD1C5000561A17 /* TabbarView.swift */; };
		AE8DB6D329DD201D00561A17 /* AlbumsModel.swift in Sources */ = {isa = PBXBuildFile; fileRef = AE8DB6D229DD201D00561A17 /* AlbumsModel.swift */; };
		AE8DB6D529DD202700561A17 /* PhotosModel.swift in Sources */ = {isa = PBXBuildFile; fileRef = AE8DB6D429DD202700561A17 /* PhotosModel.swift */; };
		AE8DB6DA29DD219300561A17 /* Constants.swift in Sources */ = {isa = PBXBuildFile; fileRef = AE8DB6D929DD219300561A17 /* Constants.swift */; };
		AE8DB6DC29DD232A00561A17 /* TabbarViewModel.swift in Sources */ = {isa = PBXBuildFile; fileRef = AE8DB6DB29DD232A00561A17 /* TabbarViewModel.swift */; };
		AE8DB6DE29DD233C00561A17 /* TabbarDataViewModel.swift in Sources */ = {isa = PBXBuildFile; fileRef = AE8DB6DD29DD233C00561A17 /* TabbarDataViewModel.swift */; };
		AE8DB6E029DD2BEC00561A17 /* ImageView.swift in Sources */ = {isa = PBXBuildFile; fileRef = AE8DB6DF29DD2BEC00561A17 /* ImageView.swift */; };
		AE8DB6E229DD2C0700561A17 /* ImageLoader.swift in Sources */ = {isa = PBXBuildFile; fileRef = AE8DB6E129DD2C0700561A17 /* ImageLoader.swift */; };
		AE8DB6E429DD31C200561A17 /* MainTabbarView.swift in Sources */ = {isa = PBXBuildFile; fileRef = AE8DB6E329DD31C200561A17 /* MainTabbarView.swift */; };
		AE8DB6E629DD3A1100561A17 /* ImageWIthTitleId.swift in Sources */ = {isa = PBXBuildFile; fileRef = AE8DB6E529DD3A1100561A17 /* ImageWIthTitleId.swift */; };
/* End PBXBuildFile section */

/* Begin PBXContainerItemProxy section */
		AE8DB6AD29DD192500561A17 /* PBXContainerItemProxy */ = {
			isa = PBXContainerItemProxy;
			containerPortal = AE8DB69329DD192400561A17 /* Project object */;
			proxyType = 1;
			remoteGlobalIDString = AE8DB69A29DD192400561A17;
			remoteInfo = DyamicTopTabbar;
		};
		AE8DB6B729DD192500561A17 /* PBXContainerItemProxy */ = {
			isa = PBXContainerItemProxy;
			containerPortal = AE8DB69329DD192400561A17 /* Project object */;
			proxyType = 1;
			remoteGlobalIDString = AE8DB69A29DD192400561A17;
			remoteInfo = DyamicTopTabbar;
		};
/* End PBXContainerItemProxy section */

/* Begin PBXFileReference section */
		AE8DB69B29DD192400561A17 /* DyamicTopTabbar.app */ = {isa = PBXFileReference; explicitFileType = wrapper.application; includeInIndex = 0; path = DyamicTopTabbar.app; sourceTree = BUILT_PRODUCTS_DIR; };
		AE8DB69E29DD192400561A17 /* DyamicTopTabbarApp.swift */ = {isa = PBXFileReference; lastKnownFileType = sourcecode.swift; path = DyamicTopTabbarApp.swift; sourceTree = "<group>"; };
		AE8DB6A029DD192400561A17 /* ContentView.swift */ = {isa = PBXFileReference; lastKnownFileType = sourcecode.swift; path = ContentView.swift; sourceTree = "<group>"; };
		AE8DB6A229DD192500561A17 /* Assets.xcassets */ = {isa = PBXFileReference; lastKnownFileType = folder.assetcatalog; path = Assets.xcassets; sourceTree = "<group>"; };
		AE8DB6A429DD192500561A17 /* DyamicTopTabbar.entitlements */ = {isa = PBXFileReference; lastKnownFileType = text.plist.entitlements; path = DyamicTopTabbar.entitlements; sourceTree = "<group>"; };
		AE8DB6A629DD192500561A17 /* Preview Assets.xcassets */ = {isa = PBXFileReference; lastKnownFileType = folder.assetcatalog; path = "Preview Assets.xcassets"; sourceTree = "<group>"; };
		AE8DB6AC29DD192500561A17 /* DyamicTopTabbarTests.xctest */ = {isa = PBXFileReference; explicitFileType = wrapper.cfbundle; includeInIndex = 0; path = DyamicTopTabbarTests.xctest; sourceTree = BUILT_PRODUCTS_DIR; };
		AE8DB6B029DD192500561A17 /* DyamicTopTabbarTests.swift */ = {isa = PBXFileReference; lastKnownFileType = sourcecode.swift; path = DyamicTopTabbarTests.swift; sourceTree = "<group>"; };
		AE8DB6B629DD192500561A17 /* DyamicTopTabbarUITests.xctest */ = {isa = PBXFileReference; explicitFileType = wrapper.cfbundle; includeInIndex = 0; path = DyamicTopTabbarUITests.xctest; sourceTree = BUILT_PRODUCTS_DIR; };
		AE8DB6BA29DD192500561A17 /* DyamicTopTabbarUITests.swift */ = {isa = PBXFileReference; lastKnownFileType = sourcecode.swift; path = DyamicTopTabbarUITests.swift; sourceTree = "<group>"; };
		AE8DB6BC29DD192500561A17 /* DyamicTopTabbarUITestsLaunchTests.swift */ = {isa = PBXFileReference; lastKnownFileType = sourcecode.swift; path = DyamicTopTabbarUITestsLaunchTests.swift; sourceTree = "<group>"; };
		AE8DB6CA29DD198E00561A17 /* TabbarItemView.swift */ = {isa = PBXFileReference; lastKnownFileType = sourcecode.swift; path = TabbarItemView.swift; sourceTree = "<group>"; };
		AE8DB6CC29DD1B6F00561A17 /* TabbarItem.swift */ = {isa = PBXFileReference; lastKnownFileType = sourcecode.swift; path = TabbarItem.swift; sourceTree = "<group>"; };
		AE8DB6CE29DD1C5000561A17 /* TabbarView.swift */ = {isa = PBXFileReference; lastKnownFileType = sourcecode.swift; path = TabbarView.swift; sourceTree = "<group>"; };
		AE8DB6D229DD201D00561A17 /* AlbumsModel.swift */ = {isa = PBXFileReference; lastKnownFileType = sourcecode.swift; path = AlbumsModel.swift; sourceTree = "<group>"; };
		AE8DB6D429DD202700561A17 /* PhotosModel.swift */ = {isa = PBXFileReference; lastKnownFileType = sourcecode.swift; path = PhotosModel.swift; sourceTree = "<group>"; };
		AE8DB6D929DD219300561A17 /* Constants.swift */ = {isa = PBXFileReference; lastKnownFileType = sourcecode.swift; path = Constants.swift; sourceTree = "<group>"; };
		AE8DB6DB29DD232A00561A17 /* TabbarViewModel.swift */ = {isa = PBXFileReference; lastKnownFileType = sourcecode.swift; path = TabbarViewModel.swift; sourceTree = "<group>"; };
		AE8DB6DD29DD233C00561A17 /* TabbarDataViewModel.swift */ = {isa = PBXFileReference; lastKnownFileType = sourcecode.swift; path = TabbarDataViewModel.swift; sourceTree = "<group>"; };
		AE8DB6DF29DD2BEC00561A17 /* ImageView.swift */ = {isa = PBXFileReference; lastKnownFileType = sourcecode.swift; path = ImageView.swift; sourceTree = "<group>"; };
		AE8DB6E129DD2C0700561A17 /* ImageLoader.swift */ = {isa = PBXFileReference; lastKnownFileType = sourcecode.swift; path = ImageLoader.swift; sourceTree = "<group>"; };
		AE8DB6E329DD31C200561A17 /* MainTabbarView.swift */ = {isa = PBXFileReference; lastKnownFileType = sourcecode.swift; path = MainTabbarView.swift; sourceTree = "<group>"; };
		AE8DB6E529DD3A1100561A17 /* ImageWIthTitleId.swift */ = {isa = PBXFileReference; lastKnownFileType = sourcecode.swift; path = ImageWIthTitleId.swift; sourceTree = "<group>"; };
/* End PBXFileReference section */

/* Begin PBXFrameworksBuildPhase section */
		AE8DB69829DD192400561A17 /* Frameworks */ = {
			isa = PBXFrameworksBuildPhase;
			buildActionMask = 2147483647;
			files = (
			);
			runOnlyForDeploymentPostprocessing = 0;
		};
		AE8DB6A929DD192500561A17 /* Frameworks */ = {
			isa = PBXFrameworksBuildPhase;
			buildActionMask = 2147483647;
			files = (
			);
			runOnlyForDeploymentPostprocessing = 0;
		};
		AE8DB6B329DD192500561A17 /* Frameworks */ = {
			isa = PBXFrameworksBuildPhase;
			buildActionMask = 2147483647;
			files = (
			);
			runOnlyForDeploymentPostprocessing = 0;
		};
/* End PBXFrameworksBuildPhase section */

/* Begin PBXGroup section */
		AE8DB69229DD192400561A17 = {
			isa = PBXGroup;
			children = (
				AE8DB69D29DD192400561A17 /* DyamicTopTabbar */,
				AE8DB6AF29DD192500561A17 /* DyamicTopTabbarTests */,
				AE8DB6B929DD192500561A17 /* DyamicTopTabbarUITests */,
				AE8DB69C29DD192400561A17 /* Products */,
			);
			sourceTree = "<group>";
		};
		AE8DB69C29DD192400561A17 /* Products */ = {
			isa = PBXGroup;
			children = (
				AE8DB69B29DD192400561A17 /* DyamicTopTabbar.app */,
				AE8DB6AC29DD192500561A17 /* DyamicTopTabbarTests.xctest */,
				AE8DB6B629DD192500561A17 /* DyamicTopTabbarUITests.xctest */,
			);
			name = Products;
			sourceTree = "<group>";
		};
		AE8DB69D29DD192400561A17 /* DyamicTopTabbar */ = {
			isa = PBXGroup;
			children = (
				AE8DB69E29DD192400561A17 /* DyamicTopTabbarApp.swift */,
				AE8DB6A029DD192400561A17 /* ContentView.swift */,
				AE8DB6D629DD213A00561A17 /* Utilties */,
				AE8DB6D129DD1FFC00561A17 /* ViewModel */,
				AE8DB6D029DD1FEE00561A17 /* Model */,
				AE8DB6C929DD197200561A17 /* Views */,
				AE8DB6A229DD192500561A17 /* Assets.xcassets */,
				AE8DB6A429DD192500561A17 /* DyamicTopTabbar.entitlements */,
				AE8DB6A529DD192500561A17 /* Preview Content */,
			);
			path = DyamicTopTabbar;
			sourceTree = "<group>";
		};
		AE8DB6A529DD192500561A17 /* Preview Content */ = {
			isa = PBXGroup;
			children = (
				AE8DB6A629DD192500561A17 /* Preview Assets.xcassets */,
			);
			path = "Preview Content";
			sourceTree = "<group>";
		};
		AE8DB6AF29DD192500561A17 /* DyamicTopTabbarTests */ = {
			isa = PBXGroup;
			children = (
				AE8DB6B029DD192500561A17 /* DyamicTopTabbarTests.swift */,
			);
			path = DyamicTopTabbarTests;
			sourceTree = "<group>";
		};
		AE8DB6B929DD192500561A17 /* DyamicTopTabbarUITests */ = {
			isa = PBXGroup;
			children = (
				AE8DB6BA29DD192500561A17 /* DyamicTopTabbarUITests.swift */,
				AE8DB6BC29DD192500561A17 /* DyamicTopTabbarUITestsLaunchTests.swift */,
			);
			path = DyamicTopTabbarUITests;
			sourceTree = "<group>";
		};
		AE8DB6C929DD197200561A17 /* Views */ = {
			isa = PBXGroup;
			children = (
				AE8DB6CA29DD198E00561A17 /* TabbarItemView.swift */,
				AE8DB6E529DD3A1100561A17 /* ImageWIthTitleId.swift */,
				AE8DB6CE29DD1C5000561A17 /* TabbarView.swift */,
				AE8DB6CC29DD1B6F00561A17 /* TabbarItem.swift */,
				AE8DB6E329DD31C200561A17 /* MainTabbarView.swift */,
			);
			path = Views;
			sourceTree = "<group>";
		};
		AE8DB6D029DD1FEE00561A17 /* Model */ = {
			isa = PBXGroup;
			children = (
				AE8DB6D229DD201D00561A17 /* AlbumsModel.swift */,
				AE8DB6D429DD202700561A17 /* PhotosModel.swift */,
			);
			path = Model;
			sourceTree = "<group>";
		};
		AE8DB6D129DD1FFC00561A17 /* ViewModel */ = {
			isa = PBXGroup;
			children = (
				AE8DB6DB29DD232A00561A17 /* TabbarViewModel.swift */,
				AE8DB6DD29DD233C00561A17 /* TabbarDataViewModel.swift */,
			);
			path = ViewModel;
			sourceTree = "<group>";
		};
		AE8DB6D629DD213A00561A17 /* Utilties */ = {
			isa = PBXGroup;
			children = (
				AE8DB6D929DD219300561A17 /* Constants.swift */,
				AE8DB6DF29DD2BEC00561A17 /* ImageView.swift */,
				AE8DB6E129DD2C0700561A17 /* ImageLoader.swift */,
			);
			path = Utilties;
			sourceTree = "<group>";
		};
/* End PBXGroup section */

/* Begin PBXNativeTarget section */
		AE8DB69A29DD192400561A17 /* DyamicTopTabbar */ = {
			isa = PBXNativeTarget;
			buildConfigurationList = AE8DB6C029DD192500561A17 /* Build configuration list for PBXNativeTarget "DyamicTopTabbar" */;
			buildPhases = (
				AE8DB69729DD192400561A17 /* Sources */,
				AE8DB69829DD192400561A17 /* Frameworks */,
				AE8DB69929DD192400561A17 /* Resources */,
			);
			buildRules = (
			);
			dependencies = (
			);
			name = DyamicTopTabbar;
			productName = DyamicTopTabbar;
			productReference = AE8DB69B29DD192400561A17 /* DyamicTopTabbar.app */;
			productType = "com.apple.product-type.application";
		};
		AE8DB6AB29DD192500561A17 /* DyamicTopTabbarTests */ = {
			isa = PBXNativeTarget;
			buildConfigurationList = AE8DB6C329DD192500561A17 /* Build configuration list for PBXNativeTarget "DyamicTopTabbarTests" */;
			buildPhases = (
				AE8DB6A829DD192500561A17 /* Sources */,
				AE8DB6A929DD192500561A17 /* Frameworks */,
				AE8DB6AA29DD192500561A17 /* Resources */,
			);
			buildRules = (
			);
			dependencies = (
				AE8DB6AE29DD192500561A17 /* PBXTargetDependency */,
			);
			name = DyamicTopTabbarTests;
			productName = DyamicTopTabbarTests;
			productReference = AE8DB6AC29DD192500561A17 /* DyamicTopTabbarTests.xctest */;
			productType = "com.apple.product-type.bundle.unit-test";
		};
		AE8DB6B529DD192500561A17 /* DyamicTopTabbarUITests */ = {
			isa = PBXNativeTarget;
			buildConfigurationList = AE8DB6C629DD192500561A17 /* Build configuration list for PBXNativeTarget "DyamicTopTabbarUITests" */;
			buildPhases = (
				AE8DB6B229DD192500561A17 /* Sources */,
				AE8DB6B329DD192500561A17 /* Frameworks */,
				AE8DB6B429DD192500561A17 /* Resources */,
			);
			buildRules = (
			);
			dependencies = (
				AE8DB6B829DD192500561A17 /* PBXTargetDependency */,
			);
			name = DyamicTopTabbarUITests;
			productName = DyamicTopTabbarUITests;
			productReference = AE8DB6B629DD192500561A17 /* DyamicTopTabbarUITests.xctest */;
			productType = "com.apple.product-type.bundle.ui-testing";
		};
/* End PBXNativeTarget section */

/* Begin PBXProject section */
		AE8DB69329DD192400561A17 /* Project object */ = {
			isa = PBXProject;
			attributes = {
				BuildIndependentTargetsInParallel = 1;
				LastSwiftUpdateCheck = 1430;
				LastUpgradeCheck = 1430;
				TargetAttributes = {
					AE8DB69A29DD192400561A17 = {
						CreatedOnToolsVersion = 14.3;
					};
					AE8DB6AB29DD192500561A17 = {
						CreatedOnToolsVersion = 14.3;
						TestTargetID = AE8DB69A29DD192400561A17;
					};
					AE8DB6B529DD192500561A17 = {
						CreatedOnToolsVersion = 14.3;
						TestTargetID = AE8DB69A29DD192400561A17;
					};
				};
			};
			buildConfigurationList = AE8DB69629DD192400561A17 /* Build configuration list for PBXProject "DyamicTopTabbar" */;
			compatibilityVersion = "Xcode 14.0";
			developmentRegion = en;
			hasScannedForEncodings = 0;
			knownRegions = (
				en,
				Base,
			);
			mainGroup = AE8DB69229DD192400561A17;
			productRefGroup = AE8DB69C29DD192400561A17 /* Products */;
			projectDirPath = "";
			projectRoot = "";
			targets = (
				AE8DB69A29DD192400561A17 /* DyamicTopTabbar */,
				AE8DB6AB29DD192500561A17 /* DyamicTopTabbarTests */,
				AE8DB6B529DD192500561A17 /* DyamicTopTabbarUITests */,
			);
		};
/* End PBXProject section */

/* Begin PBXResourcesBuildPhase section */
		AE8DB69929DD192400561A17 /* Resources */ = {
			isa = PBXResourcesBuildPhase;
			buildActionMask = 2147483647;
			files = (
				AE8DB6A729DD192500561A17 /* Preview Assets.xcassets in Resources */,
				AE8DB6A329DD192500561A17 /* Assets.xcassets in Resources */,
			);
			runOnlyForDeploymentPostprocessing = 0;
		};
		AE8DB6AA29DD192500561A17 /* Resources */ = {
			isa = PBXResourcesBuildPhase;
			buildActionMask = 2147483647;
			files = (
			);
			runOnlyForDeploymentPostprocessing = 0;
		};
		AE8DB6B429DD192500561A17 /* Resources */ = {
			isa = PBXResourcesBuildPhase;
			buildActionMask = 2147483647;
			files = (
			);
			runOnlyForDeploymentPostprocessing = 0;
		};
/* End PBXResourcesBuildPhase section */

/* Begin PBXSourcesBuildPhase section */
		AE8DB69729DD192400561A17 /* Sources */ = {
			isa = PBXSourcesBuildPhase;
			buildActionMask = 2147483647;
			files = (
				AE8DB6D529DD202700561A17 /* PhotosModel.swift in Sources */,
				AE8DB6A129DD192400561A17 /* ContentView.swift in Sources */,
				AE8DB6E229DD2C0700561A17 /* ImageLoader.swift in Sources */,
				AE8DB6DC29DD232A00561A17 /* TabbarViewModel.swift in Sources */,
				AE8DB6D329DD201D00561A17 /* AlbumsModel.swift in Sources */,
				AE8DB6E029DD2BEC00561A17 /* ImageView.swift in Sources */,
				AE8DB6CB29DD198E00561A17 /* TabbarItemView.swift in Sources */,
				AE8DB6CD29DD1B6F00561A17 /* TabbarItem.swift in Sources */,
				AE8DB6DE29DD233C00561A17 /* TabbarDataViewModel.swift in Sources */,
				AE8DB6CF29DD1C5000561A17 /* TabbarView.swift in Sources */,
				AE8DB69F29DD192400561A17 /* DyamicTopTabbarApp.swift in Sources */,
				AE8DB6DA29DD219300561A17 /* Constants.swift in Sources */,
				AE8DB6E429DD31C200561A17 /* MainTabbarView.swift in Sources */,
				AE8DB6E629DD3A1100561A17 /* ImageWIthTitleId.swift in Sources */,
			);
			runOnlyForDeploymentPostprocessing = 0;
		};
		AE8DB6A829DD192500561A17 /* Sources */ = {
			isa = PBXSourcesBuildPhase;
			buildActionMask = 2147483647;
			files = (
				AE8DB6B129DD192500561A17 /* DyamicTopTabbarTests.swift in Sources */,
			);
			runOnlyForDeploymentPostprocessing = 0;
		};
		AE8DB6B229DD192500561A17 /* Sources */ = {
			isa = PBXSourcesBuildPhase;
			buildActionMask = 2147483647;
			files = (
				AE8DB6BB29DD192500561A17 /* DyamicTopTabbarUITests.swift in Sources */,
				AE8DB6BD29DD192500561A17 /* DyamicTopTabbarUITestsLaunchTests.swift in Sources */,
			);
			runOnlyForDeploymentPostprocessing = 0;
		};
/* End PBXSourcesBuildPhase section */

/* Begin PBXTargetDependency section */
		AE8DB6AE29DD192500561A17 /* PBXTargetDependency */ = {
			isa = PBXTargetDependency;
			target = AE8DB69A29DD192400561A17 /* DyamicTopTabbar */;
			targetProxy = AE8DB6AD29DD192500561A17 /* PBXContainerItemProxy */;
		};
		AE8DB6B829DD192500561A17 /* PBXTargetDependency */ = {
			isa = PBXTargetDependency;
			target = AE8DB69A29DD192400561A17 /* DyamicTopTabbar */;
			targetProxy = AE8DB6B729DD192500561A17 /* PBXContainerItemProxy */;
		};
/* End PBXTargetDependency section */

/* Begin XCBuildConfiguration section */
		AE8DB6BE29DD192500561A17 /* Debug */ = {
			isa = XCBuildConfiguration;
			buildSettings = {
				ALWAYS_SEARCH_USER_PATHS = NO;
				CLANG_ANALYZER_NONNULL = YES;
				CLANG_ANALYZER_NUMBER_OBJECT_CONVERSION = YES_AGGRESSIVE;
				CLANG_CXX_LANGUAGE_STANDARD = "gnu++20";
				CLANG_ENABLE_MODULES = YES;
				CLANG_ENABLE_OBJC_ARC = YES;
				CLANG_ENABLE_OBJC_WEAK = YES;
				CLANG_WARN_BLOCK_CAPTURE_AUTORELEASING = YES;
				CLANG_WARN_BOOL_CONVERSION = YES;
				CLANG_WARN_COMMA = YES;
				CLANG_WARN_CONSTANT_CONVERSION = YES;
				CLANG_WARN_DEPRECATED_OBJC_IMPLEMENTATIONS = YES;
				CLANG_WARN_DIRECT_OBJC_ISA_USAGE = YES_ERROR;
				CLANG_WARN_DOCUMENTATION_COMMENTS = YES;
				CLANG_WARN_EMPTY_BODY = YES;
				CLANG_WARN_ENUM_CONVERSION = YES;
				CLANG_WARN_INFINITE_RECURSION = YES;
				CLANG_WARN_INT_CONVERSION = YES;
				CLANG_WARN_NON_LITERAL_NULL_CONVERSION = YES;
				CLANG_WARN_OBJC_IMPLICIT_RETAIN_SELF = YES;
				CLANG_WARN_OBJC_LITERAL_CONVERSION = YES;
				CLANG_WARN_OBJC_ROOT_CLASS = YES_ERROR;
				CLANG_WARN_QUOTED_INCLUDE_IN_FRAMEWORK_HEADER = YES;
				CLANG_WARN_RANGE_LOOP_ANALYSIS = YES;
				CLANG_WARN_STRICT_PROTOTYPES = YES;
				CLANG_WARN_SUSPICIOUS_MOVE = YES;
				CLANG_WARN_UNGUARDED_AVAILABILITY = YES_AGGRESSIVE;
				CLANG_WARN_UNREACHABLE_CODE = YES;
				CLANG_WARN__DUPLICATE_METHOD_MATCH = YES;
				COPY_PHASE_STRIP = NO;
				DEBUG_INFORMATION_FORMAT = dwarf;
				ENABLE_STRICT_OBJC_MSGSEND = YES;
				ENABLE_TESTABILITY = YES;
				GCC_C_LANGUAGE_STANDARD = gnu11;
				GCC_DYNAMIC_NO_PIC = NO;
				GCC_NO_COMMON_BLOCKS = YES;
				GCC_OPTIMIZATION_LEVEL = 0;
				GCC_PREPROCESSOR_DEFINITIONS = (
					"DEBUG=1",
					"$(inherited)",
				);
				GCC_WARN_64_TO_32_BIT_CONVERSION = YES;
				GCC_WARN_ABOUT_RETURN_TYPE = YES_ERROR;
				GCC_WARN_UNDECLARED_SELECTOR = YES;
				GCC_WARN_UNINITIALIZED_AUTOS = YES_AGGRESSIVE;
				GCC_WARN_UNUSED_FUNCTION = YES;
				GCC_WARN_UNUSED_VARIABLE = YES;
				MTL_ENABLE_DEBUG_INFO = INCLUDE_SOURCE;
				MTL_FAST_MATH = YES;
				ONLY_ACTIVE_ARCH = YES;
				SWIFT_ACTIVE_COMPILATION_CONDITIONS = DEBUG;
				SWIFT_OPTIMIZATION_LEVEL = "-Onone";
			};
			name = Debug;
		};
		AE8DB6BF29DD192500561A17 /* Release */ = {
			isa = XCBuildConfiguration;
			buildSettings = {
				ALWAYS_SEARCH_USER_PATHS = NO;
				CLANG_ANALYZER_NONNULL = YES;
				CLANG_ANALYZER_NUMBER_OBJECT_CONVERSION = YES_AGGRESSIVE;
				CLANG_CXX_LANGUAGE_STANDARD = "gnu++20";
				CLANG_ENABLE_MODULES = YES;
				CLANG_ENABLE_OBJC_ARC = YES;
				CLANG_ENABLE_OBJC_WEAK = YES;
				CLANG_WARN_BLOCK_CAPTURE_AUTORELEASING = YES;
				CLANG_WARN_BOOL_CONVERSION = YES;
				CLANG_WARN_COMMA = YES;
				CLANG_WARN_CONSTANT_CONVERSION = YES;
				CLANG_WARN_DEPRECATED_OBJC_IMPLEMENTATIONS = YES;
				CLANG_WARN_DIRECT_OBJC_ISA_USAGE = YES_ERROR;
				CLANG_WARN_DOCUMENTATION_COMMENTS = YES;
				CLANG_WARN_EMPTY_BODY = YES;
				CLANG_WARN_ENUM_CONVERSION = YES;
				CLANG_WARN_INFINITE_RECURSION = YES;
				CLANG_WARN_INT_CONVERSION = YES;
				CLANG_WARN_NON_LITERAL_NULL_CONVERSION = YES;
				CLANG_WARN_OBJC_IMPLICIT_RETAIN_SELF = YES;
				CLANG_WARN_OBJC_LITERAL_CONVERSION = YES;
				CLANG_WARN_OBJC_ROOT_CLASS = YES_ERROR;
				CLANG_WARN_QUOTED_INCLUDE_IN_FRAMEWORK_HEADER = YES;
				CLANG_WARN_RANGE_LOOP_ANALYSIS = YES;
				CLANG_WARN_STRICT_PROTOTYPES = YES;
				CLANG_WARN_SUSPICIOUS_MOVE = YES;
				CLANG_WARN_UNGUARDED_AVAILABILITY = YES_AGGRESSIVE;
				CLANG_WARN_UNREACHABLE_CODE = YES;
				CLANG_WARN__DUPLICATE_METHOD_MATCH = YES;
				COPY_PHASE_STRIP = NO;
				DEBUG_INFORMATION_FORMAT = "dwarf-with-dsym";
				ENABLE_NS_ASSERTIONS = NO;
				ENABLE_STRICT_OBJC_MSGSEND = YES;
				GCC_C_LANGUAGE_STANDARD = gnu11;
				GCC_NO_COMMON_BLOCKS = YES;
				GCC_WARN_64_TO_32_BIT_CONVERSION = YES;
				GCC_WARN_ABOUT_RETURN_TYPE = YES_ERROR;
				GCC_WARN_UNDECLARED_SELECTOR = YES;
				GCC_WARN_UNINITIALIZED_AUTOS = YES_AGGRESSIVE;
				GCC_WARN_UNUSED_FUNCTION = YES;
				GCC_WARN_UNUSED_VARIABLE = YES;
				MTL_ENABLE_DEBUG_INFO = NO;
				MTL_FAST_MATH = YES;
				SWIFT_COMPILATION_MODE = wholemodule;
				SWIFT_OPTIMIZATION_LEVEL = "-O";
			};
			name = Release;
		};
		AE8DB6C129DD192500561A17 /* Debug */ = {
			isa = XCBuildConfiguration;
			buildSettings = {
				ASSETCATALOG_COMPILER_APPICON_NAME = AppIcon;
				ASSETCATALOG_COMPILER_GLOBAL_ACCENT_COLOR_NAME = AccentColor;
				CODE_SIGN_ENTITLEMENTS = DyamicTopTabbar/DyamicTopTabbar.entitlements;
				CODE_SIGN_STYLE = Automatic;
				CURRENT_PROJECT_VERSION = 1;
				DEVELOPMENT_ASSET_PATHS = "\"DyamicTopTabbar/Preview Content\"";
				DEVELOPMENT_TEAM = 7ZJD594878;
				ENABLE_HARDENED_RUNTIME = YES;
				ENABLE_PREVIEWS = YES;
				GENERATE_INFOPLIST_FILE = YES;
				"INFOPLIST_KEY_UIApplicationSceneManifest_Generation[sdk=iphoneos*]" = YES;
				"INFOPLIST_KEY_UIApplicationSceneManifest_Generation[sdk=iphonesimulator*]" = YES;
				"INFOPLIST_KEY_UIApplicationSupportsIndirectInputEvents[sdk=iphoneos*]" = YES;
				"INFOPLIST_KEY_UIApplicationSupportsIndirectInputEvents[sdk=iphonesimulator*]" = YES;
				"INFOPLIST_KEY_UILaunchScreen_Generation[sdk=iphoneos*]" = YES;
				"INFOPLIST_KEY_UILaunchScreen_Generation[sdk=iphonesimulator*]" = YES;
				"INFOPLIST_KEY_UIStatusBarStyle[sdk=iphoneos*]" = UIStatusBarStyleDefault;
				"INFOPLIST_KEY_UIStatusBarStyle[sdk=iphonesimulator*]" = UIStatusBarStyleDefault;
				INFOPLIST_KEY_UISupportedInterfaceOrientations_iPad = "UIInterfaceOrientationPortrait UIInterfaceOrientationPortraitUpsideDown UIInterfaceOrientationLandscapeLeft UIInterfaceOrientationLandscapeRight";
				INFOPLIST_KEY_UISupportedInterfaceOrientations_iPhone = "UIInterfaceOrientationPortrait UIInterfaceOrientationLandscapeLeft UIInterfaceOrientationLandscapeRight";
				IPHONEOS_DEPLOYMENT_TARGET = 15.0;
				LD_RUNPATH_SEARCH_PATHS = "@executable_path/Frameworks";
				"LD_RUNPATH_SEARCH_PATHS[sdk=macosx*]" = "@executable_path/../Frameworks";
				MACOSX_DEPLOYMENT_TARGET = 13.3;
				MARKETING_VERSION = 1.0;
				PRODUCT_BUNDLE_IDENTIFIER = com.DyamicTopTabbar;
				PRODUCT_NAME = "$(TARGET_NAME)";
				SDKROOT = auto;
				SUPPORTED_PLATFORMS = "iphoneos iphonesimulator";
				SUPPORTS_MACCATALYST = NO;
				SUPPORTS_MAC_DESIGNED_FOR_IPHONE_IPAD = NO;
				SWIFT_EMIT_LOC_STRINGS = YES;
				SWIFT_VERSION = 5.0;
				TARGETED_DEVICE_FAMILY = "1,2";
			};
			name = Debug;
		};
		AE8DB6C229DD192500561A17 /* Release */ = {
			isa = XCBuildConfiguration;
			buildSettings = {
				ASSETCATALOG_COMPILER_APPICON_NAME = AppIcon;
				ASSETCATALOG_COMPILER_GLOBAL_ACCENT_COLOR_NAME = AccentColor;
				CODE_SIGN_ENTITLEMENTS = DyamicTopTabbar/DyamicTopTabbar.entitlements;
				CODE_SIGN_STYLE = Automatic;
				CURRENT_PROJECT_VERSION = 1;
				DEVELOPMENT_ASSET_PATHS = "\"DyamicTopTabbar/Preview Content\"";
				DEVELOPMENT_TEAM = 7ZJD594878;
				ENABLE_HARDENED_RUNTIME = YES;
				ENABLE_PREVIEWS = YES;
				GENERATE_INFOPLIST_FILE = YES;
				"INFOPLIST_KEY_UIApplicationSceneManifest_Generation[sdk=iphoneos*]" = YES;
				"INFOPLIST_KEY_UIApplicationSceneManifest_Generation[sdk=iphonesimulator*]" = YES;
				"INFOPLIST_KEY_UIApplicationSupportsIndirectInputEvents[sdk=iphoneos*]" = YES;
				"INFOPLIST_KEY_UIApplicationSupportsIndirectInputEvents[sdk=iphonesimulator*]" = YES;
				"INFOPLIST_KEY_UILaunchScreen_Generation[sdk=iphoneos*]" = YES;
				"INFOPLIST_KEY_UILaunchScreen_Generation[sdk=iphonesimulator*]" = YES;
				"INFOPLIST_KEY_UIStatusBarStyle[sdk=iphoneos*]" = UIStatusBarStyleDefault;
				"INFOPLIST_KEY_UIStatusBarStyle[sdk=iphonesimulator*]" = UIStatusBarStyleDefault;
				INFOPLIST_KEY_UISupportedInterfaceOrientations_iPad = "UIInterfaceOrientationPortrait UIInterfaceOrientationPortraitUpsideDown UIInterfaceOrientationLandscapeLeft UIInterfaceOrientationLandscapeRight";
				INFOPLIST_KEY_UISupportedInterfaceOrientations_iPhone = "UIInterfaceOrientationPortrait UIInterfaceOrientationLandscapeLeft UIInterfaceOrientationLandscapeRight";
				IPHONEOS_DEPLOYMENT_TARGET = 15.0;
				LD_RUNPATH_SEARCH_PATHS = "@executable_path/Frameworks";
				"LD_RUNPATH_SEARCH_PATHS[sdk=macosx*]" = "@executable_path/../Frameworks";
				MACOSX_DEPLOYMENT_TARGET = 13.3;
				MARKETING_VERSION = 1.0;
				PRODUCT_BUNDLE_IDENTIFIER = com.DyamicTopTabbar;
				PRODUCT_NAME = "$(TARGET_NAME)";
				SDKROOT = auto;
				SUPPORTED_PLATFORMS = "iphoneos iphonesimulator";
				SUPPORTS_MACCATALYST = NO;
				SUPPORTS_MAC_DESIGNED_FOR_IPHONE_IPAD = NO;
				SWIFT_EMIT_LOC_STRINGS = YES;
				SWIFT_VERSION = 5.0;
				TARGETED_DEVICE_FAMILY = "1,2";
			};
			name = Release;
		};
		AE8DB6C429DD192500561A17 /* Debug */ = {
			isa = XCBuildConfiguration;
			buildSettings = {
				ALWAYS_EMBED_SWIFT_STANDARD_LIBRARIES = YES;
				BUNDLE_LOADER = "$(TEST_HOST)";
				CODE_SIGN_STYLE = Automatic;
				CURRENT_PROJECT_VERSION = 1;
				DEVELOPMENT_TEAM = 7ZJD594878;
				GENERATE_INFOPLIST_FILE = YES;
				IPHONEOS_DEPLOYMENT_TARGET = 16.4;
				MACOSX_DEPLOYMENT_TARGET = 13.3;
				MARKETING_VERSION = 1.0;
				PRODUCT_BUNDLE_IDENTIFIER = com.DyamicTopTabbarTests;
				PRODUCT_NAME = "$(TARGET_NAME)";
				SDKROOT = auto;
				SUPPORTED_PLATFORMS = "iphoneos iphonesimulator macosx";
				SWIFT_EMIT_LOC_STRINGS = NO;
				SWIFT_VERSION = 5.0;
				TARGETED_DEVICE_FAMILY = "1,2";
				TEST_HOST = "$(BUILT_PRODUCTS_DIR)/DyamicTopTabbar.app/$(BUNDLE_EXECUTABLE_FOLDER_PATH)/DyamicTopTabbar";
			};
			name = Debug;
		};
		AE8DB6C529DD192500561A17 /* Release */ = {
			isa = XCBuildConfiguration;
			buildSettings = {
				ALWAYS_EMBED_SWIFT_STANDARD_LIBRARIES = YES;
				BUNDLE_LOADER = "$(TEST_HOST)";
				CODE_SIGN_STYLE = Automatic;
				CURRENT_PROJECT_VERSION = 1;
				DEVELOPMENT_TEAM = 7ZJD594878;
				GENERATE_INFOPLIST_FILE = YES;
				IPHONEOS_DEPLOYMENT_TARGET = 16.4;
				MACOSX_DEPLOYMENT_TARGET = 13.3;
				MARKETING_VERSION = 1.0;
				PRODUCT_BUNDLE_IDENTIFIER = com.DyamicTopTabbarTests;
				PRODUCT_NAME = "$(TARGET_NAME)";
				SDKROOT = auto;
				SUPPORTED_PLATFORMS = "iphoneos iphonesimulator macosx";
				SWIFT_EMIT_LOC_STRINGS = NO;
				SWIFT_VERSION = 5.0;
				TARGETED_DEVICE_FAMILY = "1,2";
				TEST_HOST = "$(BUILT_PRODUCTS_DIR)/DyamicTopTabbar.app/$(BUNDLE_EXECUTABLE_FOLDER_PATH)/DyamicTopTabbar";
			};
			name = Release;
		};
		AE8DB6C729DD192500561A17 /* Debug */ = {
			isa = XCBuildConfiguration;
			buildSettings = {
				ALWAYS_EMBED_SWIFT_STANDARD_LIBRARIES = YES;
				CODE_SIGN_STYLE = Automatic;
				CURRENT_PROJECT_VERSION = 1;
				DEVELOPMENT_TEAM = 7ZJD594878;
				GENERATE_INFOPLIST_FILE = YES;
				IPHONEOS_DEPLOYMENT_TARGET = 16.4;
				MACOSX_DEPLOYMENT_TARGET = 13.3;
				MARKETING_VERSION = 1.0;
				PRODUCT_BUNDLE_IDENTIFIER = com.DyamicTopTabbarUITests;
				PRODUCT_NAME = "$(TARGET_NAME)";
				SDKROOT = auto;
				SUPPORTED_PLATFORMS = "iphoneos iphonesimulator macosx";
				SWIFT_EMIT_LOC_STRINGS = NO;
				SWIFT_VERSION = 5.0;
				TARGETED_DEVICE_FAMILY = "1,2";
				TEST_TARGET_NAME = DyamicTopTabbar;
			};
			name = Debug;
		};
		AE8DB6C829DD192500561A17 /* Release */ = {
			isa = XCBuildConfiguration;
			buildSettings = {
				ALWAYS_EMBED_SWIFT_STANDARD_LIBRARIES = YES;
				CODE_SIGN_STYLE = Automatic;
				CURRENT_PROJECT_VERSION = 1;
				DEVELOPMENT_TEAM = 7ZJD594878;
				GENERATE_INFOPLIST_FILE = YES;
				IPHONEOS_DEPLOYMENT_TARGET = 16.4;
				MACOSX_DEPLOYMENT_TARGET = 13.3;
				MARKETING_VERSION = 1.0;
				PRODUCT_BUNDLE_IDENTIFIER = com.DyamicTopTabbarUITests;
				PRODUCT_NAME = "$(TARGET_NAME)";
				SDKROOT = auto;
				SUPPORTED_PLATFORMS = "iphoneos iphonesimulator macosx";
				SWIFT_EMIT_LOC_STRINGS = NO;
				SWIFT_VERSION = 5.0;
				TARGETED_DEVICE_FAMILY = "1,2";
				TEST_TARGET_NAME = DyamicTopTabbar;
			};
			name = Release;
		};
/* End XCBuildConfiguration section */

/* Begin XCConfigurationList section */
		AE8DB69629DD192400561A17 /* Build configuration list for PBXProject "DyamicTopTabbar" */ = {
			isa = XCConfigurationList;
			buildConfigurations = (
				AE8DB6BE29DD192500561A17 /* Debug */,
				AE8DB6BF29DD192500561A17 /* Release */,
			);
			defaultConfigurationIsVisible = 0;
			defaultConfigurationName = Release;
		};
		AE8DB6C029DD192500561A17 /* Build configuration list for PBXNativeTarget "DyamicTopTabbar" */ = {
			isa = XCConfigurationList;
			buildConfigurations = (
				AE8DB6C129DD192500561A17 /* Debug */,
				AE8DB6C229DD192500561A17 /* Release */,
			);
			defaultConfigurationIsVisible = 0;
			defaultConfigurationName = Release;
		};
		AE8DB6C329DD192500561A17 /* Build configuration list for PBXNativeTarget "DyamicTopTabbarTests" */ = {
			isa = XCConfigurationList;
			buildConfigurations = (
				AE8DB6C429DD192500561A17 /* Debug */,
				AE8DB6C529DD192500561A17 /* Release */,
			);
			defaultConfigurationIsVisible = 0;
			defaultConfigurationName = Release;
		};
		AE8DB6C629DD192500561A17 /* Build configuration list for PBXNativeTarget "DyamicTopTabbarUITests" */ = {
			isa = XCConfigurationList;
			buildConfigurations = (
				AE8DB6C729DD192500561A17 /* Debug */,
				AE8DB6C829DD192500561A17 /* Release */,
			);
			defaultConfigurationIsVisible = 0;
			defaultConfigurationName = Release;
		};
/* End XCConfigurationList section */
	};
	rootObject = AE8DB69329DD192400561A17 /* Project object */;
}
